// !$*UTF8*$!
{
	archiveVersion = 1;
	classes = {
	};
	objectVersion = 50;
	objects = {

/* Begin PBXBuildFile section */
		21547F1BBFC0C757E5756BC2 /* Pods_smartDoc.framework in Frameworks */ = {isa = PBXBuildFile; fileRef = 2254BD9F99B12EB1C5643AC2 /* Pods_smartDoc.framework */; };
		9C053B8B224F6D76006F1912 /* AppDelegate.swift in Sources */ = {isa = PBXBuildFile; fileRef = 9C053B8A224F6D76006F1912 /* AppDelegate.swift */; };
		9C053B8D224F6D76006F1912 /* StatusViewController.swift in Sources */ = {isa = PBXBuildFile; fileRef = 9C053B8C224F6D76006F1912 /* StatusViewController.swift */; };
		9C053B90224F6D76006F1912 /* Main.storyboard in Resources */ = {isa = PBXBuildFile; fileRef = 9C053B8E224F6D76006F1912 /* Main.storyboard */; };
		9C053B92224F6D78006F1912 /* Assets.xcassets in Resources */ = {isa = PBXBuildFile; fileRef = 9C053B91224F6D78006F1912 /* Assets.xcassets */; };
		9C053B95224F6D78006F1912 /* LaunchScreen.storyboard in Resources */ = {isa = PBXBuildFile; fileRef = 9C053B93224F6D78006F1912 /* LaunchScreen.storyboard */; };
		9C053BA3224F72BF006F1912 /* ChartCell.swift in Sources */ = {isa = PBXBuildFile; fileRef = 9C053BA2224F72BF006F1912 /* ChartCell.swift */; };
		9C053BB7224FE562006F1912 /* NormalValues.swift in Sources */ = {isa = PBXBuildFile; fileRef = 9C053BB6224FE562006F1912 /* NormalValues.swift */; };
		9C053BBC224FEF3C006F1912 /* ProfileViewController.swift in Sources */ = {isa = PBXBuildFile; fileRef = 9C053BBB224FEF3C006F1912 /* ProfileViewController.swift */; };
		9C053BC0224FF1BB006F1912 /* GoogleService-Info.plist in Resources */ = {isa = PBXBuildFile; fileRef = 9C053BBF224FF1BB006F1912 /* GoogleService-Info.plist */; };
		9C053BCA2250EFFB006F1912 /* LightBlueChartLimitLine.swift in Sources */ = {isa = PBXBuildFile; fileRef = 9C053BC92250EFFB006F1912 /* LightBlueChartLimitLine.swift */; };
		FA09B7332250C2F0008A1F0E /* extStatusViewController.swift in Sources */ = {isa = PBXBuildFile; fileRef = FA09B7322250C2F0008A1F0E /* extStatusViewController.swift */; };
/* End PBXBuildFile section */

/* Begin PBXFileReference section */
		2254BD9F99B12EB1C5643AC2 /* Pods_smartDoc.framework */ = {isa = PBXFileReference; explicitFileType = wrapper.framework; includeInIndex = 0; path = Pods_smartDoc.framework; sourceTree = BUILT_PRODUCTS_DIR; };
		9C053B87224F6D76006F1912 /* smartDoc.app */ = {isa = PBXFileReference; explicitFileType = wrapper.application; includeInIndex = 0; path = smartDoc.app; sourceTree = BUILT_PRODUCTS_DIR; };
		9C053B8A224F6D76006F1912 /* AppDelegate.swift */ = {isa = PBXFileReference; lastKnownFileType = sourcecode.swift; path = AppDelegate.swift; sourceTree = "<group>"; };
		9C053B8C224F6D76006F1912 /* StatusViewController.swift */ = {isa = PBXFileReference; lastKnownFileType = sourcecode.swift; path = StatusViewController.swift; sourceTree = "<group>"; };
		9C053B8F224F6D76006F1912 /* Base */ = {isa = PBXFileReference; lastKnownFileType = file.storyboard; name = Base; path = Base.lproj/Main.storyboard; sourceTree = "<group>"; };
		9C053B91224F6D78006F1912 /* Assets.xcassets */ = {isa = PBXFileReference; lastKnownFileType = folder.assetcatalog; path = Assets.xcassets; sourceTree = "<group>"; };
		9C053B94224F6D78006F1912 /* Base */ = {isa = PBXFileReference; lastKnownFileType = file.storyboard; name = Base; path = Base.lproj/LaunchScreen.storyboard; sourceTree = "<group>"; };
		9C053B96224F6D78006F1912 /* Info.plist */ = {isa = PBXFileReference; lastKnownFileType = text.plist.xml; path = Info.plist; sourceTree = "<group>"; };
		9C053BA2224F72BF006F1912 /* ChartCell.swift */ = {isa = PBXFileReference; lastKnownFileType = sourcecode.swift; path = ChartCell.swift; sourceTree = "<group>"; };
		9C053BB6224FE562006F1912 /* NormalValues.swift */ = {isa = PBXFileReference; lastKnownFileType = sourcecode.swift; path = NormalValues.swift; sourceTree = "<group>"; };
		9C053BBB224FEF3C006F1912 /* ProfileViewController.swift */ = {isa = PBXFileReference; fileEncoding = 4; lastKnownFileType = sourcecode.swift; path = ProfileViewController.swift; sourceTree = "<group>"; };
		9C053BBF224FF1BB006F1912 /* GoogleService-Info.plist */ = {isa = PBXFileReference; fileEncoding = 4; lastKnownFileType = text.plist.xml; path = "GoogleService-Info.plist"; sourceTree = "<group>"; };
		9C053BC92250EFFB006F1912 /* LightBlueChartLimitLine.swift */ = {isa = PBXFileReference; fileEncoding = 4; lastKnownFileType = sourcecode.swift; path = LightBlueChartLimitLine.swift; sourceTree = "<group>"; };
		AC14E9C890361B23D3769349 /* Pods-smartDoc.debug.xcconfig */ = {isa = PBXFileReference; includeInIndex = 1; lastKnownFileType = text.xcconfig; name = "Pods-smartDoc.debug.xcconfig"; path = "Pods/Target Support Files/Pods-smartDoc/Pods-smartDoc.debug.xcconfig"; sourceTree = "<group>"; };
		FA09B7322250C2F0008A1F0E /* extStatusViewController.swift */ = {isa = PBXFileReference; lastKnownFileType = sourcecode.swift; path = extStatusViewController.swift; sourceTree = "<group>"; };
		FABA6916F569D516A007BA5B /* Pods-smartDoc.release.xcconfig */ = {isa = PBXFileReference; includeInIndex = 1; lastKnownFileType = text.xcconfig; name = "Pods-smartDoc.release.xcconfig"; path = "Pods/Target Support Files/Pods-smartDoc/Pods-smartDoc.release.xcconfig"; sourceTree = "<group>"; };
/* End PBXFileReference section */

/* Begin PBXFrameworksBuildPhase section */
		9C053B84224F6D76006F1912 /* Frameworks */ = {
			isa = PBXFrameworksBuildPhase;
			buildActionMask = 2147483647;
			files = (
				21547F1BBFC0C757E5756BC2 /* Pods_smartDoc.framework in Frameworks */,
			);
			runOnlyForDeploymentPostprocessing = 0;
		};
/* End PBXFrameworksBuildPhase section */

/* Begin PBXGroup section */
		68241742CA04D2697CAB81B7 /* Pods */ = {
			isa = PBXGroup;
			children = (
				AC14E9C890361B23D3769349 /* Pods-smartDoc.debug.xcconfig */,
				FABA6916F569D516A007BA5B /* Pods-smartDoc.release.xcconfig */,
			);
			name = Pods;
			sourceTree = "<group>";
		};
		9C053B7E224F6D76006F1912 = {
			isa = PBXGroup;
			children = (
				9C053B89224F6D76006F1912 /* smartDoc */,
				9C053B88224F6D76006F1912 /* Products */,
				68241742CA04D2697CAB81B7 /* Pods */,
				DAA7DA6DAE0E44E7B2BAB51D /* Frameworks */,
			);
			sourceTree = "<group>";
		};
		9C053B88224F6D76006F1912 /* Products */ = {
			isa = PBXGroup;
			children = (
				9C053B87224F6D76006F1912 /* smartDoc.app */,
			);
			name = Products;
			sourceTree = "<group>";
		};
		9C053B89224F6D76006F1912 /* smartDoc */ = {
			isa = PBXGroup;
			children = (
				9C053B9E224F70E3006F1912 /* Application */,
				9C053BC72250EFFB006F1912 /* UI */,
				9C053B9D224F70CF006F1912 /* Environments */,
				9C053B9C224F70B4006F1912 /* Resources */,
			);
			path = smartDoc;
			sourceTree = "<group>";
		};
		9C053B9C224F70B4006F1912 /* Resources */ = {
			isa = PBXGroup;
			children = (
				9C053B93224F6D78006F1912 /* LaunchScreen.storyboard */,
				9C053B91224F6D78006F1912 /* Assets.xcassets */,
			);
			path = Resources;
			sourceTree = "<group>";
		};
		9C053B9D224F70CF006F1912 /* Environments */ = {
			isa = PBXGroup;
			children = (
				9C053B96224F6D78006F1912 /* Info.plist */,
				9C053BBF224FF1BB006F1912 /* GoogleService-Info.plist */,
			);
			path = Environments;
			sourceTree = "<group>";
		};
		9C053B9E224F70E3006F1912 /* Application */ = {
			isa = PBXGroup;
			children = (
				9C053B9F224F70F8006F1912 /* BusinessLogic */,
				9C053BA0224F7109006F1912 /* Flows */,
				9C053BA4224F73E8006F1912 /* Entities */,
			);
			path = Application;
			sourceTree = "<group>";
		};
		9C053B9F224F70F8006F1912 /* BusinessLogic */ = {
			isa = PBXGroup;
			children = (
				9C053B8A224F6D76006F1912 /* AppDelegate.swift */,
			);
			path = BusinessLogic;
			sourceTree = "<group>";
		};
		9C053BA0224F7109006F1912 /* Flows */ = {
			isa = PBXGroup;
			children = (
				9C053B8E224F6D76006F1912 /* Main.storyboard */,
				9C053BBA224FEF3C006F1912 /* Profile */,
				9C053BA1224F728C006F1912 /* Status */,
			);
			path = Flows;
			sourceTree = "<group>";
		};
		9C053BA1224F728C006F1912 /* Status */ = {
			isa = PBXGroup;
			children = (
				9C053B8C224F6D76006F1912 /* StatusViewController.swift */,
				9C053BA2224F72BF006F1912 /* ChartCell.swift */,
				FA09B7322250C2F0008A1F0E /* extStatusViewController.swift */,
			);
			path = Status;
			sourceTree = "<group>";
		};
		9C053BA4224F73E8006F1912 /* Entities */ = {
			isa = PBXGroup;
			children = (
				9C053BB6224FE562006F1912 /* NormalValues.swift */,
			);
			path = Entities;
			sourceTree = "<group>";
		};
		9C053BBA224FEF3C006F1912 /* Profile */ = {
			isa = PBXGroup;
			children = (
				9C053BBB224FEF3C006F1912 /* ProfileViewController.swift */,
			);
			path = Profile;
			sourceTree = "<group>";
		};
		9C053BC72250EFFB006F1912 /* UI */ = {
			isa = PBXGroup;
			children = (
				9C053BC82250EFFB006F1912 /* Elements */,
			);
			path = UI;
			sourceTree = "<group>";
		};
		9C053BC82250EFFB006F1912 /* Elements */ = {
			isa = PBXGroup;
			children = (
				9C053BC92250EFFB006F1912 /* LightBlueChartLimitLine.swift */,
			);
			path = Elements;
			sourceTree = "<group>";
		};
		DAA7DA6DAE0E44E7B2BAB51D /* Frameworks */ = {
			isa = PBXGroup;
			children = (
				2254BD9F99B12EB1C5643AC2 /* Pods_smartDoc.framework */,
			);
			name = Frameworks;
			sourceTree = "<group>";
		};
/* End PBXGroup section */

/* Begin PBXNativeTarget section */
		9C053B86224F6D76006F1912 /* smartDoc */ = {
			isa = PBXNativeTarget;
			buildConfigurationList = 9C053B99224F6D78006F1912 /* Build configuration list for PBXNativeTarget "smartDoc" */;
			buildPhases = (
				9644A1DA7E44CC24A2068045 /* [CP] Check Pods Manifest.lock */,
				9C053B83224F6D76006F1912 /* Sources */,
				9C053B84224F6D76006F1912 /* Frameworks */,
				9C053B85224F6D76006F1912 /* Resources */,
				EAD8692C8A0DFF1C4700A26E /* [CP] Embed Pods Frameworks */,
			);
			buildRules = (
			);
			dependencies = (
			);
			name = smartDoc;
			productName = smartDoc;
			productReference = 9C053B87224F6D76006F1912 /* smartDoc.app */;
			productType = "com.apple.product-type.application";
		};
/* End PBXNativeTarget section */

/* Begin PBXProject section */
		9C053B7F224F6D76006F1912 /* Project object */ = {
			isa = PBXProject;
			attributes = {
				LastSwiftUpdateCheck = 1020;
				LastUpgradeCheck = 1020;
				ORGANIZATIONNAME = "Igor Chernyshov";
				TargetAttributes = {
					9C053B86224F6D76006F1912 = {
						CreatedOnToolsVersion = 10.2;
					};
				};
			};
			buildConfigurationList = 9C053B82224F6D76006F1912 /* Build configuration list for PBXProject "smartDoc" */;
			compatibilityVersion = "Xcode 9.3";
			developmentRegion = en;
			hasScannedForEncodings = 0;
			knownRegions = (
				en,
				Base,
			);
			mainGroup = 9C053B7E224F6D76006F1912;
			productRefGroup = 9C053B88224F6D76006F1912 /* Products */;
			projectDirPath = "";
			projectRoot = "";
			targets = (
				9C053B86224F6D76006F1912 /* smartDoc */,
			);
		};
/* End PBXProject section */

/* Begin PBXResourcesBuildPhase section */
		9C053B85224F6D76006F1912 /* Resources */ = {
			isa = PBXResourcesBuildPhase;
			buildActionMask = 2147483647;
			files = (
				9C053B95224F6D78006F1912 /* LaunchScreen.storyboard in Resources */,
				9C053BC0224FF1BB006F1912 /* GoogleService-Info.plist in Resources */,
				9C053B92224F6D78006F1912 /* Assets.xcassets in Resources */,
				9C053B90224F6D76006F1912 /* Main.storyboard in Resources */,
			);
			runOnlyForDeploymentPostprocessing = 0;
		};
/* End PBXResourcesBuildPhase section */

/* Begin PBXShellScriptBuildPhase section */
		9644A1DA7E44CC24A2068045 /* [CP] Check Pods Manifest.lock */ = {
			isa = PBXShellScriptBuildPhase;
			buildActionMask = 2147483647;
			files = (
			);
			inputPaths = (
				"${PODS_PODFILE_DIR_PATH}/Podfile.lock",
				"${PODS_ROOT}/Manifest.lock",
			);
			name = "[CP] Check Pods Manifest.lock";
			outputPaths = (
				"$(DERIVED_FILE_DIR)/Pods-smartDoc-checkManifestLockResult.txt",
			);
			runOnlyForDeploymentPostprocessing = 0;
			shellPath = /bin/sh;
			shellScript = "diff \"${PODS_PODFILE_DIR_PATH}/Podfile.lock\" \"${PODS_ROOT}/Manifest.lock\" > /dev/null\nif [ $? != 0 ] ; then\n    # print error to STDERR\n    echo \"error: The sandbox is not in sync with the Podfile.lock. Run 'pod install' or update your CocoaPods installation.\" >&2\n    exit 1\nfi\n# This output is used by Xcode 'outputs' to avoid re-running this script phase.\necho \"SUCCESS\" > \"${SCRIPT_OUTPUT_FILE_0}\"\n";
			showEnvVarsInLog = 0;
		};
		EAD8692C8A0DFF1C4700A26E /* [CP] Embed Pods Frameworks */ = {
			isa = PBXShellScriptBuildPhase;
			buildActionMask = 2147483647;
			files = (
			);
			inputPaths = (
				"${SRCROOT}/Pods/Target Support Files/Pods-smartDoc/Pods-smartDoc-frameworks.sh",
				"${BUILT_PRODUCTS_DIR}/Charts/Charts.framework",
				"${BUILT_PRODUCTS_DIR}/GoogleUtilities/GoogleUtilities.framework",
				"${BUILT_PRODUCTS_DIR}/leveldb-library/leveldb.framework",
				"${BUILT_PRODUCTS_DIR}/nanopb/nanopb.framework",
			);
			name = "[CP] Embed Pods Frameworks";
			outputPaths = (
				"${TARGET_BUILD_DIR}/${FRAMEWORKS_FOLDER_PATH}/Charts.framework",
				"${TARGET_BUILD_DIR}/${FRAMEWORKS_FOLDER_PATH}/GoogleUtilities.framework",
				"${TARGET_BUILD_DIR}/${FRAMEWORKS_FOLDER_PATH}/leveldb.framework",
				"${TARGET_BUILD_DIR}/${FRAMEWORKS_FOLDER_PATH}/nanopb.framework",
			);
			runOnlyForDeploymentPostprocessing = 0;
			shellPath = /bin/sh;
			shellScript = "\"${SRCROOT}/Pods/Target Support Files/Pods-smartDoc/Pods-smartDoc-frameworks.sh\"\n";
			showEnvVarsInLog = 0;
		};
/* End PBXShellScriptBuildPhase section */

/* Begin PBXSourcesBuildPhase section */
		9C053B83224F6D76006F1912 /* Sources */ = {
			isa = PBXSourcesBuildPhase;
			buildActionMask = 2147483647;
			files = (
				9C053BBC224FEF3C006F1912 /* ProfileViewController.swift in Sources */,
				9C053B8D224F6D76006F1912 /* StatusViewController.swift in Sources */,
				9C053B8B224F6D76006F1912 /* AppDelegate.swift in Sources */,
				9C053BB7224FE562006F1912 /* NormalValues.swift in Sources */,
				FA09B7332250C2F0008A1F0E /* extStatusViewController.swift in Sources */,
				9C053BA3224F72BF006F1912 /* ChartCell.swift in Sources */,
				9C053BCA2250EFFB006F1912 /* LightBlueChartLimitLine.swift in Sources */,
			);
			runOnlyForDeploymentPostprocessing = 0;
		};
/* End PBXSourcesBuildPhase section */

/* Begin PBXVariantGroup section */
		9C053B8E224F6D76006F1912 /* Main.storyboard */ = {
			isa = PBXVariantGroup;
			children = (
				9C053B8F224F6D76006F1912 /* Base */,
			);
			name = Main.storyboard;
			sourceTree = "<group>";
		};
		9C053B93224F6D78006F1912 /* LaunchScreen.storyboard */ = {
			isa = PBXVariantGroup;
			children = (
				9C053B94224F6D78006F1912 /* Base */,
			);
			name = LaunchScreen.storyboard;
			sourceTree = "<group>";
		};
/* End PBXVariantGroup section */

/* Begin XCBuildConfiguration section */
		9C053B97224F6D78006F1912 /* Debug */ = {
			isa = XCBuildConfiguration;
			buildSettings = {
				ALWAYS_SEARCH_USER_PATHS = NO;
				CLANG_ANALYZER_NONNULL = YES;
				CLANG_ANALYZER_NUMBER_OBJECT_CONVERSION = YES_AGGRESSIVE;
				CLANG_CXX_LANGUAGE_STANDARD = "gnu++14";
				CLANG_CXX_LIBRARY = "libc++";
				CLANG_ENABLE_MODULES = YES;
				CLANG_ENABLE_OBJC_ARC = YES;
				CLANG_ENABLE_OBJC_WEAK = YES;
				CLANG_WARN_BLOCK_CAPTURE_AUTORELEASING = YES;
				CLANG_WARN_BOOL_CONVERSION = YES;
				CLANG_WARN_COMMA = YES;
				CLANG_WARN_CONSTANT_CONVERSION = YES;
				CLANG_WARN_DEPRECATED_OBJC_IMPLEMENTATIONS = YES;
				CLANG_WARN_DIRECT_OBJC_ISA_USAGE = YES_ERROR;
				CLANG_WARN_DOCUMENTATION_COMMENTS = YES;
				CLANG_WARN_EMPTY_BODY = YES;
				CLANG_WARN_ENUM_CONVERSION = YES;
				CLANG_WARN_INFINITE_RECURSION = YES;
				CLANG_WARN_INT_CONVERSION = YES;
				CLANG_WARN_NON_LITERAL_NULL_CONVERSION = YES;
				CLANG_WARN_OBJC_IMPLICIT_RETAIN_SELF = YES;
				CLANG_WARN_OBJC_LITERAL_CONVERSION = YES;
				CLANG_WARN_OBJC_ROOT_CLASS = YES_ERROR;
				CLANG_WARN_RANGE_LOOP_ANALYSIS = YES;
				CLANG_WARN_STRICT_PROTOTYPES = YES;
				CLANG_WARN_SUSPICIOUS_MOVE = YES;
				CLANG_WARN_UNGUARDED_AVAILABILITY = YES_AGGRESSIVE;
				CLANG_WARN_UNREACHABLE_CODE = YES;
				CLANG_WARN__DUPLICATE_METHOD_MATCH = YES;
				CODE_SIGN_IDENTITY = "iPhone Developer";
				COPY_PHASE_STRIP = NO;
				DEBUG_INFORMATION_FORMAT = dwarf;
				ENABLE_STRICT_OBJC_MSGSEND = YES;
				ENABLE_TESTABILITY = YES;
				GCC_C_LANGUAGE_STANDARD = gnu11;
				GCC_DYNAMIC_NO_PIC = NO;
				GCC_NO_COMMON_BLOCKS = YES;
				GCC_OPTIMIZATION_LEVEL = 0;
				GCC_PREPROCESSOR_DEFINITIONS = (
					"DEBUG=1",
					"$(inherited)",
				);
				GCC_WARN_64_TO_32_BIT_CONVERSION = YES;
				GCC_WARN_ABOUT_RETURN_TYPE = YES_ERROR;
				GCC_WARN_UNDECLARED_SELECTOR = YES;
				GCC_WARN_UNINITIALIZED_AUTOS = YES_AGGRESSIVE;
				GCC_WARN_UNUSED_FUNCTION = YES;
				GCC_WARN_UNUSED_VARIABLE = YES;
				IPHONEOS_DEPLOYMENT_TARGET = 12.2;
				MTL_ENABLE_DEBUG_INFO = INCLUDE_SOURCE;
				MTL_FAST_MATH = YES;
				ONLY_ACTIVE_ARCH = YES;
				SDKROOT = iphoneos;
				SWIFT_ACTIVE_COMPILATION_CONDITIONS = DEBUG;
				SWIFT_OPTIMIZATION_LEVEL = "-Onone";
			};
			name = Debug;
		};
		9C053B98224F6D78006F1912 /* Release */ = {
			isa = XCBuildConfiguration;
			buildSettings = {
				ALWAYS_SEARCH_USER_PATHS = NO;
				CLANG_ANALYZER_NONNULL = YES;
				CLANG_ANALYZER_NUMBER_OBJECT_CONVERSION = YES_AGGRESSIVE;
				CLANG_CXX_LANGUAGE_STANDARD = "gnu++14";
				CLANG_CXX_LIBRARY = "libc++";
				CLANG_ENABLE_MODULES = YES;
				CLANG_ENABLE_OBJC_ARC = YES;
				CLANG_ENABLE_OBJC_WEAK = YES;
				CLANG_WARN_BLOCK_CAPTURE_AUTORELEASING = YES;
				CLANG_WARN_BOOL_CONVERSION = YES;
				CLANG_WARN_COMMA = YES;
				CLANG_WARN_CONSTANT_CONVERSION = YES;
				CLANG_WARN_DEPRECATED_OBJC_IMPLEMENTATIONS = YES;
				CLANG_WARN_DIRECT_OBJC_ISA_USAGE = YES_ERROR;
				CLANG_WARN_DOCUMENTATION_COMMENTS = YES;
				CLANG_WARN_EMPTY_BODY = YES;
				CLANG_WARN_ENUM_CONVERSION = YES;
				CLANG_WARN_INFINITE_RECURSION = YES;
				CLANG_WARN_INT_CONVERSION = YES;
				CLANG_WARN_NON_LITERAL_NULL_CONVERSION = YES;
				CLANG_WARN_OBJC_IMPLICIT_RETAIN_SELF = YES;
				CLANG_WARN_OBJC_LITERAL_CONVERSION = YES;
				CLANG_WARN_OBJC_ROOT_CLASS = YES_ERROR;
				CLANG_WARN_RANGE_LOOP_ANALYSIS = YES;
				CLANG_WARN_STRICT_PROTOTYPES = YES;
				CLANG_WARN_SUSPICIOUS_MOVE = YES;
				CLANG_WARN_UNGUARDED_AVAILABILITY = YES_AGGRESSIVE;
				CLANG_WARN_UNREACHABLE_CODE = YES;
				CLANG_WARN__DUPLICATE_METHOD_MATCH = YES;
				CODE_SIGN_IDENTITY = "iPhone Developer";
				COPY_PHASE_STRIP = NO;
				DEBUG_INFORMATION_FORMAT = "dwarf-with-dsym";
				ENABLE_NS_ASSERTIONS = NO;
				ENABLE_STRICT_OBJC_MSGSEND = YES;
				GCC_C_LANGUAGE_STANDARD = gnu11;
				GCC_NO_COMMON_BLOCKS = YES;
				GCC_WARN_64_TO_32_BIT_CONVERSION = YES;
				GCC_WARN_ABOUT_RETURN_TYPE = YES_ERROR;
				GCC_WARN_UNDECLARED_SELECTOR = YES;
				GCC_WARN_UNINITIALIZED_AUTOS = YES_AGGRESSIVE;
				GCC_WARN_UNUSED_FUNCTION = YES;
				GCC_WARN_UNUSED_VARIABLE = YES;
				IPHONEOS_DEPLOYMENT_TARGET = 12.2;
				MTL_ENABLE_DEBUG_INFO = NO;
				MTL_FAST_MATH = YES;
				SDKROOT = iphoneos;
				SWIFT_COMPILATION_MODE = wholemodule;
				SWIFT_OPTIMIZATION_LEVEL = "-O";
				VALIDATE_PRODUCT = YES;
			};
			name = Release;
		};
		9C053B9A224F6D78006F1912 /* Debug */ = {
			isa = XCBuildConfiguration;
			baseConfigurationReference = AC14E9C890361B23D3769349 /* Pods-smartDoc.debug.xcconfig */;
			buildSettings = {
				ASSETCATALOG_COMPILER_APPICON_NAME = AppIcon;
				CODE_SIGN_STYLE = Automatic;
				DEVELOPMENT_TEAM = 73YFFUD89Y;
				INFOPLIST_FILE = "$(SRCROOT)/smartDoc/Environments/Info.plist";
				LD_RUNPATH_SEARCH_PATHS = (
					"$(inherited)",
					"@executable_path/Frameworks",
				);
				PRODUCT_BUNDLE_IDENTIFIER = com.frostfell.smartDoc;
				PRODUCT_NAME = "$(TARGET_NAME)";
				SWIFT_VERSION = 5.0;
				TARGETED_DEVICE_FAMILY = "1,2";
			};
			name = Debug;
		};
		9C053B9B224F6D78006F1912 /* Release */ = {
			isa = XCBuildConfiguration;
			baseConfigurationReference = FABA6916F569D516A007BA5B /* Pods-smartDoc.release.xcconfig */;
			buildSettings = {
				ASSETCATALOG_COMPILER_APPICON_NAME = AppIcon;
				CODE_SIGN_STYLE = Automatic;
				DEVELOPMENT_TEAM = 73YFFUD89Y;
				INFOPLIST_FILE = "$(SRCROOT)/smartDoc/Environments/Info.plist";
				LD_RUNPATH_SEARCH_PATHS = (
					"$(inherited)",
					"@executable_path/Frameworks",
				);
				PRODUCT_BUNDLE_IDENTIFIER = com.frostfell.smartDoc;
				PRODUCT_NAME = "$(TARGET_NAME)";
				SWIFT_VERSION = 5.0;
				TARGETED_DEVICE_FAMILY = "1,2";
			};
			name = Release;
		};
/* End XCBuildConfiguration section */

/* Begin XCConfigurationList section */
		9C053B82224F6D76006F1912 /* Build configuration list for PBXProject "smartDoc" */ = {
			isa = XCConfigurationList;
			buildConfigurations = (
				9C053B97224F6D78006F1912 /* Debug */,
				9C053B98224F6D78006F1912 /* Release */,
			);
			defaultConfigurationIsVisible = 0;
			defaultConfigurationName = Release;
		};
		9C053B99224F6D78006F1912 /* Build configuration list for PBXNativeTarget "smartDoc" */ = {
			isa = XCConfigurationList;
			buildConfigurations = (
				9C053B9A224F6D78006F1912 /* Debug */,
				9C053B9B224F6D78006F1912 /* Release */,
			);
			defaultConfigurationIsVisible = 0;
			defaultConfigurationName = Release;
		};
/* End XCConfigurationList section */
	};
	rootObject = 9C053B7F224F6D76006F1912 /* Project object */;
}
